
Microsoft Visual Studio Solution File, Format Version 12.00
# Visual Studio Version 16
VisualStudioVersion = 16.0.30804.86
MinimumVisualStudioVersion = 10.0.40219.1
Project("{8BC9CEB8-8B4A-11D0-8D11-00A0C91BC942}") = "List_stack", "List_stack\List_stack.vcxproj", "{625EEA21-B111-4136-B3CE-4D8F6B972DE2}"
EndProject
Project("{8BC9CEB8-8B4A-11D0-8D11-00A0C91BC942}") = "test", "test\test.vcxproj", "{1629C4B1-209C-4936-AC6B-FBEA0CF026D1}"
EndProject
Project("{8BC9CEB8-8B4A-11D0-8D11-00A0C91BC942}") = "Calculator", "Calculator\Calculator.vcxproj", "{6EED4B2D-EEC0-4B9F-8476-BE220FCC4E9A}"
EndProject
Global
	GlobalSection(SolutionConfigurationPlatforms) = preSolution
		Debug|x64 = Debug|x64
		Debug|x86 = Debug|x86
		Release|x64 = Release|x64
		Release|x86 = Release|x86
	EndGlobalSection
	GlobalSection(ProjectConfigurationPlatforms) = postSolution
		{625EEA21-B111-4136-B3CE-4D8F6B972DE2}.Debug|x64.ActiveCfg = Debug|x64
		{625EEA21-B111-4136-B3CE-4D8F6B972DE2}.Debug|x64.Build.0 = Debug|x64
		{625EEA21-B111-4136-B3CE-4D8F6B972DE2}.Debug|x86.ActiveCfg = Debug|Win32
		{625EEA21-B111-4136-B3CE-4D8F6B972DE2}.Debug|x86.Build.0 = Debug|Win32
		{625EEA21-B111-4136-B3CE-4D8F6B972DE2}.Release|x64.ActiveCfg = Release|x64
		{625EEA21-B111-4136-B3CE-4D8F6B972DE2}.Release|x64.Build.0 = Release|x64
		{625EEA21-B111-4136-B3CE-4D8F6B972DE2}.Release|x86.ActiveCfg = Release|Win32
		{625EEA21-B111-4136-B3CE-4D8F6B972DE2}.Release|x86.Build.0 = Release|Win32
		{1629C4B1-209C-4936-AC6B-FBEA0CF026D1}.Debug|x64.ActiveCfg = Debug|x64
		{1629C4B1-209C-4936-AC6B-FBEA0CF026D1}.Debug|x64.Build.0 = Debug|x64
		{1629C4B1-209C-4936-AC6B-FBEA0CF026D1}.Debug|x86.ActiveCfg = Debug|Win32
		{1629C4B1-209C-4936-AC6B-FBEA0CF026D1}.Debug|x86.Build.0 = Debug|Win32
		{1629C4B1-209C-4936-AC6B-FBEA0CF026D1}.Release|x64.ActiveCfg = Release|x64
		{1629C4B1-209C-4936-AC6B-FBEA0CF026D1}.Release|x64.Build.0 = Release|x64
		{1629C4B1-209C-4936-AC6B-FBEA0CF026D1}.Release|x86.ActiveCfg = Release|Win32
		{1629C4B1-209C-4936-AC6B-FBEA0CF026D1}.Release|x86.Build.0 = Release|Win32
		{6EED4B2D-EEC0-4B9F-8476-BE220FCC4E9A}.Debug|x64.ActiveCfg = Debug|x64
		{6EED4B2D-EEC0-4B9F-8476-BE220FCC4E9A}.Debug|x64.Build.0 = Debug|x64
		{6EED4B2D-EEC0-4B9F-8476-BE220FCC4E9A}.Debug|x86.ActiveCfg = Debug|Win32
		{6EED4B2D-EEC0-4B9F-8476-BE220FCC4E9A}.Debug|x86.Build.0 = Debug|Win32
		{6EED4B2D-EEC0-4B9F-8476-BE220FCC4E9A}.Release|x64.ActiveCfg = Release|x64
		{6EED4B2D-EEC0-4B9F-8476-BE220FCC4E9A}.Release|x64.Build.0 = Release|x64
		{6EED4B2D-EEC0-4B9F-8476-BE220FCC4E9A}.Release|x86.ActiveCfg = Release|Win32
		{6EED4B2D-EEC0-4B9F-8476-BE220FCC4E9A}.Release|x86.Build.0 = Release|Win32
	EndGlobalSection
	GlobalSection(SolutionProperties) = preSolution
		HideSolutionNode = FALSE
	EndGlobalSection
	GlobalSection(ExtensibilityGlobals) = postSolution
		SolutionGuid = {D4BAADF1-B354-448E-8978-43F1FF1F6BA3}
	EndGlobalSection
EndGlobal
